// !$*UTF8*$!
{
	archiveVersion = 1;
	classes = {
	};
	objectVersion = 56;
	objects = {

/* Begin PBXBuildFile section */
		B51BCC7E2B87AC28005302A0 /* AppDelegate.swift in Sources */ = {isa = PBXBuildFile; fileRef = B51BCC7D2B87AC28005302A0 /* AppDelegate.swift */; };
		B51BCC802B87AC28005302A0 /* SceneDelegate.swift in Sources */ = {isa = PBXBuildFile; fileRef = B51BCC7F2B87AC28005302A0 /* SceneDelegate.swift */; };
		B51BCC822B87AC28005302A0 /* ViewController.swift in Sources */ = {isa = PBXBuildFile; fileRef = B51BCC812B87AC28005302A0 /* ViewController.swift */; };
		B51BCC852B87AC28005302A0 /* Main.storyboard in Resources */ = {isa = PBXBuildFile; fileRef = B51BCC832B87AC28005302A0 /* Main.storyboard */; };
		B51BCC872B87AC2A005302A0 /* Assets.xcassets in Resources */ = {isa = PBXBuildFile; fileRef = B51BCC862B87AC2A005302A0 /* Assets.xcassets */; };
		B51BCC8A2B87AC2A005302A0 /* LaunchScreen.storyboard in Resources */ = {isa = PBXBuildFile; fileRef = B51BCC882B87AC2A005302A0 /* LaunchScreen.storyboard */; };
		B51BCC952B87AC2B005302A0 /* CounterTests.swift in Sources */ = {isa = PBXBuildFile; fileRef = B51BCC942B87AC2B005302A0 /* CounterTests.swift */; };
		B51BCC9F2B87AC2B005302A0 /* CounterUITests.swift in Sources */ = {isa = PBXBuildFile; fileRef = B51BCC9E2B87AC2B005302A0 /* CounterUITests.swift */; };
		B51BCCA12B87AC2B005302A0 /* CounterUITestsLaunchTests.swift in Sources */ = {isa = PBXBuildFile; fileRef = B51BCCA02B87AC2B005302A0 /* CounterUITestsLaunchTests.swift */; };
/* End PBXBuildFile section */

/* Begin PBXContainerItemProxy section */
		B51BCC912B87AC2B005302A0 /* PBXContainerItemProxy */ = {
			isa = PBXContainerItemProxy;
			containerPortal = B51BCC722B87AC28005302A0 /* Project object */;
			proxyType = 1;
			remoteGlobalIDString = B51BCC792B87AC28005302A0;
			remoteInfo = Counter;
		};
		B51BCC9B2B87AC2B005302A0 /* PBXContainerItemProxy */ = {
			isa = PBXContainerItemProxy;
			containerPortal = B51BCC722B87AC28005302A0 /* Project object */;
			proxyType = 1;
			remoteGlobalIDString = B51BCC792B87AC28005302A0;
			remoteInfo = Counter;
		};
/* End PBXContainerItemProxy section */

/* Begin PBXFileReference section */
		B51BCC7A2B87AC28005302A0 /* Counter.app */ = {isa = PBXFileReference; explicitFileType = wrapper.application; includeInIndex = 0; path = Counter.app; sourceTree = BUILT_PRODUCTS_DIR; };
		B51BCC7D2B87AC28005302A0 /* AppDelegate.swift */ = {isa = PBXFileReference; lastKnownFileType = sourcecode.swift; path = AppDelegate.swift; sourceTree = "<group>"; };
		B51BCC7F2B87AC28005302A0 /* SceneDelegate.swift */ = {isa = PBXFileReference; lastKnownFileType = sourcecode.swift; path = SceneDelegate.swift; sourceTree = "<group>"; };
		B51BCC812B87AC28005302A0 /* ViewController.swift */ = {isa = PBXFileReference; lastKnownFileType = sourcecode.swift; path = ViewController.swift; sourceTree = "<group>"; };
		B51BCC842B87AC28005302A0 /* Base */ = {isa = PBXFileReference; lastKnownFileType = file.storyboard; name = Base; path = Base.lproj/Main.storyboard; sourceTree = "<group>"; };
		B51BCC862B87AC2A005302A0 /* Assets.xcassets */ = {isa = PBXFileReference; lastKnownFileType = folder.assetcatalog; path = Assets.xcassets; sourceTree = "<group>"; };
		B51BCC892B87AC2A005302A0 /* Base */ = {isa = PBXFileReference; lastKnownFileType = file.storyboard; name = Base; path = Base.lproj/LaunchScreen.storyboard; sourceTree = "<group>"; };
		B51BCC8B2B87AC2A005302A0 /* Info.plist */ = {isa = PBXFileReference; lastKnownFileType = text.plist.xml; path = Info.plist; sourceTree = "<group>"; };
		B51BCC902B87AC2B005302A0 /* CounterTests.xctest */ = {isa = PBXFileReference; explicitFileType = wrapper.cfbundle; includeInIndex = 0; path = CounterTests.xctest; sourceTree = BUILT_PRODUCTS_DIR; };
		B51BCC942B87AC2B005302A0 /* CounterTests.swift */ = {isa = PBXFileReference; lastKnownFileType = sourcecode.swift; path = CounterTests.swift; sourceTree = "<group>"; };
		B51BCC9A2B87AC2B005302A0 /* CounterUITests.xctest */ = {isa = PBXFileReference; explicitFileType = wrapper.cfbundle; includeInIndex = 0; path = CounterUITests.xctest; sourceTree = BUILT_PRODUCTS_DIR; };
		B51BCC9E2B87AC2B005302A0 /* CounterUITests.swift */ = {isa = PBXFileReference; lastKnownFileType = sourcecode.swift; path = CounterUITests.swift; sourceTree = "<group>"; };
		B51BCCA02B87AC2B005302A0 /* CounterUITestsLaunchTests.swift */ = {isa = PBXFileReference; lastKnownFileType = sourcecode.swift; path = CounterUITestsLaunchTests.swift; sourceTree = "<group>"; };
/* End PBXFileReference section */

/* Begin PBXFrameworksBuildPhase section */
		B51BCC772B87AC28005302A0 /* Frameworks */ = {
			isa = PBXFrameworksBuildPhase;
			buildActionMask = 2147483647;
			files = (
			);
			runOnlyForDeploymentPostprocessing = 0;
		};
		B51BCC8D2B87AC2B005302A0 /* Frameworks */ = {
			isa = PBXFrameworksBuildPhase;
			buildActionMask = 2147483647;
			files = (
			);
			runOnlyForDeploymentPostprocessing = 0;
		};
		B51BCC972B87AC2B005302A0 /* Frameworks */ = {
			isa = PBXFrameworksBuildPhase;
			buildActionMask = 2147483647;
			files = (
			);
			runOnlyForDeploymentPostprocessing = 0;
		};
/* End PBXFrameworksBuildPhase section */

/* Begin PBXGroup section */
		B51BCC712B87AC28005302A0 = {
			isa = PBXGroup;
			children = (
				B51BCC7C2B87AC28005302A0 /* Counter */,
				B51BCC932B87AC2B005302A0 /* CounterTests */,
				B51BCC9D2B87AC2B005302A0 /* CounterUITests */,
				B51BCC7B2B87AC28005302A0 /* Products */,
			);
			sourceTree = "<group>";
		};
		B51BCC7B2B87AC28005302A0 /* Products */ = {
			isa = PBXGroup;
			children = (
				B51BCC7A2B87AC28005302A0 /* Counter.app */,
				B51BCC902B87AC2B005302A0 /* CounterTests.xctest */,
				B51BCC9A2B87AC2B005302A0 /* CounterUITests.xctest */,
			);
			name = Products;
			sourceTree = "<group>";
		};
		B51BCC7C2B87AC28005302A0 /* Counter */ = {
			isa = PBXGroup;
			children = (
				B51BCC7D2B87AC28005302A0 /* AppDelegate.swift */,
				B51BCC7F2B87AC28005302A0 /* SceneDelegate.swift */,
				B51BCC812B87AC28005302A0 /* ViewController.swift */,
				B51BCC832B87AC28005302A0 /* Main.storyboard */,
				B51BCC862B87AC2A005302A0 /* Assets.xcassets */,
				B51BCC882B87AC2A005302A0 /* LaunchScreen.storyboard */,
				B51BCC8B2B87AC2A005302A0 /* Info.plist */,
			);
			path = Counter;
			sourceTree = "<group>";
		};
		B51BCC932B87AC2B005302A0 /* CounterTests */ = {
			isa = PBXGroup;
			children = (
				B51BCC942B87AC2B005302A0 /* CounterTests.swift */,
			);
			path = CounterTests;
			sourceTree = "<group>";
		};
		B51BCC9D2B87AC2B005302A0 /* CounterUITests */ = {
			isa = PBXGroup;
			children = (
				B51BCC9E2B87AC2B005302A0 /* CounterUITests.swift */,
				B51BCCA02B87AC2B005302A0 /* CounterUITestsLaunchTests.swift */,
			);
			path = CounterUITests;
			sourceTree = "<group>";
		};
/* End PBXGroup section */

/* Begin PBXNativeTarget section */
		B51BCC792B87AC28005302A0 /* Counter */ = {
			isa = PBXNativeTarget;
			buildConfigurationList = B51BCCA42B87AC2B005302A0 /* Build configuration list for PBXNativeTarget "Counter" */;
			buildPhases = (
				B51BCC762B87AC28005302A0 /* Sources */,
				B51BCC772B87AC28005302A0 /* Frameworks */,
				B51BCC782B87AC28005302A0 /* Resources */,
			);
			buildRules = (
			);
			dependencies = (
			);
			name = Counter;
			productName = Counter;
			productReference = B51BCC7A2B87AC28005302A0 /* Counter.app */;
			productType = "com.apple.product-type.application";
		};
		B51BCC8F2B87AC2B005302A0 /* CounterTests */ = {
			isa = PBXNativeTarget;
			buildConfigurationList = B51BCCA72B87AC2B005302A0 /* Build configuration list for PBXNativeTarget "CounterTests" */;
			buildPhases = (
				B51BCC8C2B87AC2B005302A0 /* Sources */,
				B51BCC8D2B87AC2B005302A0 /* Frameworks */,
				B51BCC8E2B87AC2B005302A0 /* Resources */,
			);
			buildRules = (
			);
			dependencies = (
				B51BCC922B87AC2B005302A0 /* PBXTargetDependency */,
			);
			name = CounterTests;
			productName = CounterTests;
			productReference = B51BCC902B87AC2B005302A0 /* CounterTests.xctest */;
			productType = "com.apple.product-type.bundle.unit-test";
		};
		B51BCC992B87AC2B005302A0 /* CounterUITests */ = {
			isa = PBXNativeTarget;
			buildConfigurationList = B51BCCAA2B87AC2B005302A0 /* Build configuration list for PBXNativeTarget "CounterUITests" */;
			buildPhases = (
				B51BCC962B87AC2B005302A0 /* Sources */,
				B51BCC972B87AC2B005302A0 /* Frameworks */,
				B51BCC982B87AC2B005302A0 /* Resources */,
			);
			buildRules = (
			);
			dependencies = (
				B51BCC9C2B87AC2B005302A0 /* PBXTargetDependency */,
			);
			name = CounterUITests;
			productName = CounterUITests;
			productReference = B51BCC9A2B87AC2B005302A0 /* CounterUITests.xctest */;
			productType = "com.apple.product-type.bundle.ui-testing";
		};
/* End PBXNativeTarget section */

/* Begin PBXProject section */
		B51BCC722B87AC28005302A0 /* Project object */ = {
			isa = PBXProject;
			attributes = {
				BuildIndependentTargetsInParallel = 1;
				LastSwiftUpdateCheck = 1510;
				LastUpgradeCheck = 1510;
				TargetAttributes = {
					B51BCC792B87AC28005302A0 = {
						CreatedOnToolsVersion = 15.1;
					};
					B51BCC8F2B87AC2B005302A0 = {
						CreatedOnToolsVersion = 15.1;
						TestTargetID = B51BCC792B87AC28005302A0;
					};
					B51BCC992B87AC2B005302A0 = {
						CreatedOnToolsVersion = 15.1;
						TestTargetID = B51BCC792B87AC28005302A0;
					};
				};
			};
			buildConfigurationList = B51BCC752B87AC28005302A0 /* Build configuration list for PBXProject "Counter" */;
			compatibilityVersion = "Xcode 14.0";
			developmentRegion = en;
			hasScannedForEncodings = 0;
			knownRegions = (
				en,
				Base,
			);
			mainGroup = B51BCC712B87AC28005302A0;
			productRefGroup = B51BCC7B2B87AC28005302A0 /* Products */;
			projectDirPath = "";
			projectRoot = "";
			targets = (
				B51BCC792B87AC28005302A0 /* Counter */,
				B51BCC8F2B87AC2B005302A0 /* CounterTests */,
				B51BCC992B87AC2B005302A0 /* CounterUITests */,
			);
		};
/* End PBXProject section */

/* Begin PBXResourcesBuildPhase section */
		B51BCC782B87AC28005302A0 /* Resources */ = {
			isa = PBXResourcesBuildPhase;
			buildActionMask = 2147483647;
			files = (
				B51BCC8A2B87AC2A005302A0 /* LaunchScreen.storyboard in Resources */,
				B51BCC872B87AC2A005302A0 /* Assets.xcassets in Resources */,
				B51BCC852B87AC28005302A0 /* Main.storyboard in Resources */,
			);
			runOnlyForDeploymentPostprocessing = 0;
		};
		B51BCC8E2B87AC2B005302A0 /* Resources */ = {
			isa = PBXResourcesBuildPhase;
			buildActionMask = 2147483647;
			files = (
			);
			runOnlyForDeploymentPostprocessing = 0;
		};
		B51BCC982B87AC2B005302A0 /* Resources */ = {
			isa = PBXResourcesBuildPhase;
			buildActionMask = 2147483647;
			files = (
			);
			runOnlyForDeploymentPostprocessing = 0;
		};
/* End PBXResourcesBuildPhase section */

/* Begin PBXSourcesBuildPhase section */
		B51BCC762B87AC28005302A0 /* Sources */ = {
			isa = PBXSourcesBuildPhase;
			buildActionMask = 2147483647;
			files = (
				B51BCC822B87AC28005302A0 /* ViewController.swift in Sources */,
				B51BCC7E2B87AC28005302A0 /* AppDelegate.swift in Sources */,
				B51BCC802B87AC28005302A0 /* SceneDelegate.swift in Sources */,
			);
			runOnlyForDeploymentPostprocessing = 0;
		};
		B51BCC8C2B87AC2B005302A0 /* Sources */ = {
			isa = PBXSourcesBuildPhase;
			buildActionMask = 2147483647;
			files = (
				B51BCC952B87AC2B005302A0 /* CounterTests.swift in Sources */,
			);
			runOnlyForDeploymentPostprocessing = 0;
		};
		B51BCC962B87AC2B005302A0 /* Sources */ = {
			isa = PBXSourcesBuildPhase;
			buildActionMask = 2147483647;
			files = (
				B51BCC9F2B87AC2B005302A0 /* CounterUITests.swift in Sources */,
				B51BCCA12B87AC2B005302A0 /* CounterUITestsLaunchTests.swift in Sources */,
			);
			runOnlyForDeploymentPostprocessing = 0;
		};
/* End PBXSourcesBuildPhase section */

/* Begin PBXTargetDependency section */
		B51BCC922B87AC2B005302A0 /* PBXTargetDependency */ = {
			isa = PBXTargetDependency;
			target = B51BCC792B87AC28005302A0 /* Counter */;
			targetProxy = B51BCC912B87AC2B005302A0 /* PBXContainerItemProxy */;
		};
		B51BCC9C2B87AC2B005302A0 /* PBXTargetDependency */ = {
			isa = PBXTargetDependency;
			target = B51BCC792B87AC28005302A0 /* Counter */;
			targetProxy = B51BCC9B2B87AC2B005302A0 /* PBXContainerItemProxy */;
		};
/* End PBXTargetDependency section */

/* Begin PBXVariantGroup section */
		B51BCC832B87AC28005302A0 /* Main.storyboard */ = {
			isa = PBXVariantGroup;
			children = (
				B51BCC842B87AC28005302A0 /* Base */,
			);
			name = Main.storyboard;
			sourceTree = "<group>";
		};
		B51BCC882B87AC2A005302A0 /* LaunchScreen.storyboard */ = {
			isa = PBXVariantGroup;
			children = (
				B51BCC892B87AC2A005302A0 /* Base */,
			);
			name = LaunchScreen.storyboard;
			sourceTree = "<group>";
		};
/* End PBXVariantGroup section */

/* Begin XCBuildConfiguration section */
		B51BCCA22B87AC2B005302A0 /* Debug */ = {
			isa = XCBuildConfiguration;
			buildSettings = {
				ALWAYS_SEARCH_USER_PATHS = NO;
				ASSETCATALOG_COMPILER_GENERATE_SWIFT_ASSET_SYMBOL_EXTENSIONS = YES;
				CLANG_ANALYZER_NONNULL = YES;
				CLANG_ANALYZER_NUMBER_OBJECT_CONVERSION = YES_AGGRESSIVE;
				CLANG_CXX_LANGUAGE_STANDARD = "gnu++20";
				CLANG_ENABLE_MODULES = YES;
				CLANG_ENABLE_OBJC_ARC = YES;
				CLANG_ENABLE_OBJC_WEAK = YES;
				CLANG_WARN_BLOCK_CAPTURE_AUTORELEASING = YES;
				CLANG_WARN_BOOL_CONVERSION = YES;
				CLANG_WARN_COMMA = YES;
				CLANG_WARN_CONSTANT_CONVERSION = YES;
				CLANG_WARN_DEPRECATED_OBJC_IMPLEMENTATIONS = YES;
				CLANG_WARN_DIRECT_OBJC_ISA_USAGE = YES_ERROR;
				CLANG_WARN_DOCUMENTATION_COMMENTS = YES;
				CLANG_WARN_EMPTY_BODY = YES;
				CLANG_WARN_ENUM_CONVERSION = YES;
				CLANG_WARN_INFINITE_RECURSION = YES;
				CLANG_WARN_INT_CONVERSION = YES;
				CLANG_WARN_NON_LITERAL_NULL_CONVERSION = YES;
				CLANG_WARN_OBJC_IMPLICIT_RETAIN_SELF = YES;
				CLANG_WARN_OBJC_LITERAL_CONVERSION = YES;
				CLANG_WARN_OBJC_ROOT_CLASS = YES_ERROR;
				CLANG_WARN_QUOTED_INCLUDE_IN_FRAMEWORK_HEADER = YES;
				CLANG_WARN_RANGE_LOOP_ANALYSIS = YES;
				CLANG_WARN_STRICT_PROTOTYPES = YES;
				CLANG_WARN_SUSPICIOUS_MOVE = YES;
				CLANG_WARN_UNGUARDED_AVAILABILITY = YES_AGGRESSIVE;
				CLANG_WARN_UNREACHABLE_CODE = YES;
				CLANG_WARN__DUPLICATE_METHOD_MATCH = YES;
				COPY_PHASE_STRIP = NO;
				DEBUG_INFORMATION_FORMAT = dwarf;
				ENABLE_STRICT_OBJC_MSGSEND = YES;
				ENABLE_TESTABILITY = YES;
				ENABLE_USER_SCRIPT_SANDBOXING = YES;
				GCC_C_LANGUAGE_STANDARD = gnu17;
				GCC_DYNAMIC_NO_PIC = NO;
				GCC_NO_COMMON_BLOCKS = YES;
				GCC_OPTIMIZATION_LEVEL = 0;
				GCC_PREPROCESSOR_DEFINITIONS = (
					"DEBUG=1",
					"$(inherited)",
				);
				GCC_WARN_64_TO_32_BIT_CONVERSION = YES;
				GCC_WARN_ABOUT_RETURN_TYPE = YES_ERROR;
				GCC_WARN_UNDECLARED_SELECTOR = YES;
				GCC_WARN_UNINITIALIZED_AUTOS = YES_AGGRESSIVE;
				GCC_WARN_UNUSED_FUNCTION = YES;
				GCC_WARN_UNUSED_VARIABLE = YES;
				IPHONEOS_DEPLOYMENT_TARGET = 17.2;
				LOCALIZATION_PREFERS_STRING_CATALOGS = YES;
				MTL_ENABLE_DEBUG_INFO = INCLUDE_SOURCE;
				MTL_FAST_MATH = YES;
				ONLY_ACTIVE_ARCH = YES;
				SDKROOT = iphoneos;
				SWIFT_ACTIVE_COMPILATION_CONDITIONS = "DEBUG $(inherited)";
				SWIFT_OPTIMIZATION_LEVEL = "-Onone";
			};
			name = Debug;
		};
		B51BCCA32B87AC2B005302A0 /* Release */ = {
			isa = XCBuildConfiguration;
			buildSettings = {
				ALWAYS_SEARCH_USER_PATHS = NO;
				ASSETCATALOG_COMPILER_GENERATE_SWIFT_ASSET_SYMBOL_EXTENSIONS = YES;
				CLANG_ANALYZER_NONNULL = YES;
				CLANG_ANALYZER_NUMBER_OBJECT_CONVERSION = YES_AGGRESSIVE;
				CLANG_CXX_LANGUAGE_STANDARD = "gnu++20";
				CLANG_ENABLE_MODULES = YES;
				CLANG_ENABLE_OBJC_ARC = YES;
				CLANG_ENABLE_OBJC_WEAK = YES;
				CLANG_WARN_BLOCK_CAPTURE_AUTORELEASING = YES;
				CLANG_WARN_BOOL_CONVERSION = YES;
				CLANG_WARN_COMMA = YES;
				CLANG_WARN_CONSTANT_CONVERSION = YES;
				CLANG_WARN_DEPRECATED_OBJC_IMPLEMENTATIONS = YES;
				CLANG_WARN_DIRECT_OBJC_ISA_USAGE = YES_ERROR;
				CLANG_WARN_DOCUMENTATION_COMMENTS = YES;
				CLANG_WARN_EMPTY_BODY = YES;
				CLANG_WARN_ENUM_CONVERSION = YES;
				CLANG_WARN_INFINITE_RECURSION = YES;
				CLANG_WARN_INT_CONVERSION = YES;
				CLANG_WARN_NON_LITERAL_NULL_CONVERSION = YES;
				CLANG_WARN_OBJC_IMPLICIT_RETAIN_SELF = YES;
				CLANG_WARN_OBJC_LITERAL_CONVERSION = YES;
				CLANG_WARN_OBJC_ROOT_CLASS = YES_ERROR;
				CLANG_WARN_QUOTED_INCLUDE_IN_FRAMEWORK_HEADER = YES;
				CLANG_WARN_RANGE_LOOP_ANALYSIS = YES;
				CLANG_WARN_STRICT_PROTOTYPES = YES;
				CLANG_WARN_SUSPICIOUS_MOVE = YES;
				CLANG_WARN_UNGUARDED_AVAILABILITY = YES_AGGRESSIVE;
				CLANG_WARN_UNREACHABLE_CODE = YES;
				CLANG_WARN__DUPLICATE_METHOD_MATCH = YES;
				COPY_PHASE_STRIP = NO;
				DEBUG_INFORMATION_FORMAT = "dwarf-with-dsym";
				ENABLE_NS_ASSERTIONS = NO;
				ENABLE_STRICT_OBJC_MSGSEND = YES;
				ENABLE_USER_SCRIPT_SANDBOXING = YES;
				GCC_C_LANGUAGE_STANDARD = gnu17;
				GCC_NO_COMMON_BLOCKS = YES;
				GCC_WARN_64_TO_32_BIT_CONVERSION = YES;
				GCC_WARN_ABOUT_RETURN_TYPE = YES_ERROR;
				GCC_WARN_UNDECLARED_SELECTOR = YES;
				GCC_WARN_UNINITIALIZED_AUTOS = YES_AGGRESSIVE;
				GCC_WARN_UNUSED_FUNCTION = YES;
				GCC_WARN_UNUSED_VARIABLE = YES;
				IPHONEOS_DEPLOYMENT_TARGET = 17.2;
				LOCALIZATION_PREFERS_STRING_CATALOGS = YES;
				MTL_ENABLE_DEBUG_INFO = NO;
				MTL_FAST_MATH = YES;
				SDKROOT = iphoneos;
				SWIFT_COMPILATION_MODE = wholemodule;
				VALIDATE_PRODUCT = YES;
			};
			name = Release;
		};
		B51BCCA52B87AC2B005302A0 /* Debug */ = {
			isa = XCBuildConfiguration;
			buildSettings = {
				ASSETCATALOG_COMPILER_APPICON_NAME = AppIcon;
				ASSETCATALOG_COMPILER_GLOBAL_ACCENT_COLOR_NAME = AccentColor;
				CODE_SIGN_STYLE = Automatic;
				CURRENT_PROJECT_VERSION = 1;
				GENERATE_INFOPLIST_FILE = YES;
				INFOPLIST_FILE = Counter/Info.plist;
				INFOPLIST_KEY_UIApplicationSupportsIndirectInputEvents = YES;
				INFOPLIST_KEY_UILaunchStoryboardName = LaunchScreen;
				INFOPLIST_KEY_UIMainStoryboardFile = Main;
				INFOPLIST_KEY_UISupportedInterfaceOrientations_iPad = "UIInterfaceOrientationPortrait UIInterfaceOrientationPortraitUpsideDown UIInterfaceOrientationLandscapeLeft UIInterfaceOrientationLandscapeRight";
				INFOPLIST_KEY_UISupportedInterfaceOrientations_iPhone = "UIInterfaceOrientationPortrait UIInterfaceOrientationLandscapeLeft UIInterfaceOrientationLandscapeRight";
				LD_RUNPATH_SEARCH_PATHS = (
					"$(inherited)",
					"@executable_path/Frameworks",
				);
				MARKETING_VERSION = 1.0;
				PRODUCT_BUNDLE_IDENTIFIER = sprint03.Counter;
				PRODUCT_NAME = "$(TARGET_NAME)";
				SWIFT_EMIT_LOC_STRINGS = YES;
				SWIFT_VERSION = 5.0;
				TARGETED_DEVICE_FAMILY = "1,2";
			};
			name = Debug;
		};
		B51BCCA62B87AC2B005302A0 /* Release */ = {
			isa = XCBuildConfiguration;
			buildSettings = {
				ASSETCATALOG_COMPILER_APPICON_NAME = AppIcon;
				ASSETCATALOG_COMPILER_GLOBAL_ACCENT_COLOR_NAME = AccentColor;
				CODE_SIGN_STYLE = Automatic;
				CURRENT_PROJECT_VERSION = 1;
				GENERATE_INFOPLIST_FILE = YES;
				INFOPLIST_FILE = Counter/Info.plist;
				INFOPLIST_KEY_UIApplicationSupportsIndirectInputEvents = YES;
				INFOPLIST_KEY_UILaunchStoryboardName = LaunchScreen;
				INFOPLIST_KEY_UIMainStoryboardFile = Main;
				INFOPLIST_KEY_UISupportedInterfaceOrientations_iPad = "UIInterfaceOrientationPortrait UIInterfaceOrientationPortraitUpsideDown UIInterfaceOrientationLandscapeLeft UIInterfaceOrientationLandscapeRight";
				INFOPLIST_KEY_UISupportedInterfaceOrientations_iPhone = "UIInterfaceOrientationPortrait UIInterfaceOrientationLandscapeLeft UIInterfaceOrientationLandscapeRight";
				LD_RUNPATH_SEARCH_PATHS = (
					"$(inherited)",
					"@executable_path/Frameworks",
				);
				MARKETING_VERSION = 1.0;
				PRODUCT_BUNDLE_IDENTIFIER = sprint03.Counter;
				PRODUCT_NAME = "$(TARGET_NAME)";
				SWIFT_EMIT_LOC_STRINGS = YES;
				SWIFT_VERSION = 5.0;
				TARGETED_DEVICE_FAMILY = "1,2";
			};
			name = Release;
		};
		B51BCCA82B87AC2B005302A0 /* Debug */ = {
			isa = XCBuildConfiguration;
			buildSettings = {
				ALWAYS_EMBED_SWIFT_STANDARD_LIBRARIES = YES;
				BUNDLE_LOADER = "$(TEST_HOST)";
				CODE_SIGN_STYLE = Automatic;
				CURRENT_PROJECT_VERSION = 1;
				GENERATE_INFOPLIST_FILE = YES;
				IPHONEOS_DEPLOYMENT_TARGET = 17.2;
				MARKETING_VERSION = 1.0;
				PRODUCT_BUNDLE_IDENTIFIER = sprint03.CounterTests;
				PRODUCT_NAME = "$(TARGET_NAME)";
				SWIFT_EMIT_LOC_STRINGS = NO;
				SWIFT_VERSION = 5.0;
				TARGETED_DEVICE_FAMILY = "1,2";
				TEST_HOST = "$(BUILT_PRODUCTS_DIR)/Counter.app/$(BUNDLE_EXECUTABLE_FOLDER_PATH)/Counter";
			};
			name = Debug;
		};
		B51BCCA92B87AC2B005302A0 /* Release */ = {
			isa = XCBuildConfiguration;
			buildSettings = {
				ALWAYS_EMBED_SWIFT_STANDARD_LIBRARIES = YES;
				BUNDLE_LOADER = "$(TEST_HOST)";
				CODE_SIGN_STYLE = Automatic;
				CURRENT_PROJECT_VERSION = 1;
				GENERATE_INFOPLIST_FILE = YES;
				IPHONEOS_DEPLOYMENT_TARGET = 17.2;
				MARKETING_VERSION = 1.0;
				PRODUCT_BUNDLE_IDENTIFIER = sprint03.CounterTests;
				PRODUCT_NAME = "$(TARGET_NAME)";
				SWIFT_EMIT_LOC_STRINGS = NO;
				SWIFT_VERSION = 5.0;
				TARGETED_DEVICE_FAMILY = "1,2";
				TEST_HOST = "$(BUILT_PRODUCTS_DIR)/Counter.app/$(BUNDLE_EXECUTABLE_FOLDER_PATH)/Counter";
			};
			name = Release;
		};
		B51BCCAB2B87AC2B005302A0 /* Debug */ = {
			isa = XCBuildConfiguration;
			buildSettings = {
				ALWAYS_EMBED_SWIFT_STANDARD_LIBRARIES = YES;
				CODE_SIGN_STYLE = Automatic;
				CURRENT_PROJECT_VERSION = 1;
				GENERATE_INFOPLIST_FILE = YES;
				MARKETING_VERSION = 1.0;
				PRODUCT_BUNDLE_IDENTIFIER = sprint03.CounterUITests;
				PRODUCT_NAME = "$(TARGET_NAME)";
				SWIFT_EMIT_LOC_STRINGS = NO;
				SWIFT_VERSION = 5.0;
				TARGETED_DEVICE_FAMILY = "1,2";
				TEST_TARGET_NAME = Counter;
			};
			name = Debug;
		};
		B51BCCAC2B87AC2B005302A0 /* Release */ = {
			isa = XCBuildConfiguration;
			buildSettings = {
				ALWAYS_EMBED_SWIFT_STANDARD_LIBRARIES = YES;
				CODE_SIGN_STYLE = Automatic;
				CURRENT_PROJECT_VERSION = 1;
				GENERATE_INFOPLIST_FILE = YES;
				MARKETING_VERSION = 1.0;
				PRODUCT_BUNDLE_IDENTIFIER = sprint03.CounterUITests;
				PRODUCT_NAME = "$(TARGET_NAME)";
				SWIFT_EMIT_LOC_STRINGS = NO;
				SWIFT_VERSION = 5.0;
				TARGETED_DEVICE_FAMILY = "1,2";
				TEST_TARGET_NAME = Counter;
			};
			name = Release;
		};
/* End XCBuildConfiguration section */

/* Begin XCConfigurationList section */
		B51BCC752B87AC28005302A0 /* Build configuration list for PBXProject "Counter" */ = {
			isa = XCConfigurationList;
			buildConfigurations = (
				B51BCCA22B87AC2B005302A0 /* Debug */,
				B51BCCA32B87AC2B005302A0 /* Release */,
			);
			defaultConfigurationIsVisible = 0;
			defaultConfigurationName = Release;
		};
		B51BCCA42B87AC2B005302A0 /* Build configuration list for PBXNativeTarget "Counter" */ = {
			isa = XCConfigurationList;
			buildConfigurations = (
				B51BCCA52B87AC2B005302A0 /* Debug */,
				B51BCCA62B87AC2B005302A0 /* Release */,
			);
			defaultConfigurationIsVisible = 0;
			defaultConfigurationName = Release;
		};
		B51BCCA72B87AC2B005302A0 /* Build configuration list for PBXNativeTarget "CounterTests" */ = {
			isa = XCConfigurationList;
			buildConfigurations = (
				B51BCCA82B87AC2B005302A0 /* Debug */,
				B51BCCA92B87AC2B005302A0 /* Release */,
			);
			defaultConfigurationIsVisible = 0;
			defaultConfigurationName = Release;
		};
		B51BCCAA2B87AC2B005302A0 /* Build configuration list for PBXNativeTarget "CounterUITests" */ = {
			isa = XCConfigurationList;
			buildConfigurations = (
				B51BCCAB2B87AC2B005302A0 /* Debug */,
				B51BCCAC2B87AC2B005302A0 /* Release */,
			);
			defaultConfigurationIsVisible = 0;
			defaultConfigurationName = Release;
		};
/* End XCConfigurationList section */
	};
	rootObject = B51BCC722B87AC28005302A0 /* Project object */;
}
